
Microsoft Visual Studio Solution File, Format Version 12.00
# Visual Studio Version 16
VisualStudioVersion = 16.0.31205.134
MinimumVisualStudioVersion = 15.0.26124.0
Project("{2150E333-8FDC-42A3-9474-1A3956D46DE8}") = "docs", "docs", "{3FAB6086-27FC-4C81-8483-378D9A7A8E85}"
	ProjectSection(SolutionItems) = preProject
		docs\RAFT.md = docs\RAFT.md
		README.md = README.md
	EndProjectSection
EndProject
Project("{2150E333-8FDC-42A3-9474-1A3956D46DE8}") = "src", "src", "{5A10C03B-FF0F-45ED-95EF-E75DF0576104}"
EndProject
Project("{2150E333-8FDC-42A3-9474-1A3956D46DE8}") = "test", "test", "{AAD72599-5100-4978-856C-62A8A6C50E4B}"
EndProject
Project("{2150E333-8FDC-42A3-9474-1A3956D46DE8}") = "core", "core", "{047ACF46-AB0C-486B-85C7-B5A415A67CBB}"
EndProject
Project("{9A19103F-16F7-4668-BE54-9A1E7A4F7556}") = "raft-core", "src\core\raft-core.csproj", "{0C723060-44E8-4204-8401-B244BFF4AACD}"
EndProject
Project("{2150E333-8FDC-42A3-9474-1A3956D46DE8}") = "files", "files", "{9977F8ED-D5D9-471A-BB30-50269FF81007}"
	ProjectSection(SolutionItems) = preProject
		.github\workflows\ci.yaml = .github\workflows\ci.yaml
	EndProjectSection
EndProject
Project("{2150E333-8FDC-42A3-9474-1A3956D46DE8}") = "raft", "raft", "{4B92B534-D57C-4EA4-B08A-96F178EB948D}"
EndProject
Project("{9A19103F-16F7-4668-BE54-9A1E7A4F7556}") = "raft", "src\raft\raft.csproj", "{9EC1EDC3-902B-45A9-9365-D3251FAE6C2B}"
EndProject
Project("{2150E333-8FDC-42A3-9474-1A3956D46DE8}") = "raft", "raft", "{FA3BC3BB-6FA7-4B3D-A291-39BCE563A5F4}"
EndProject
Project("{9A19103F-16F7-4668-BE54-9A1E7A4F7556}") = "raft-tests", "test\raft-tests.csproj", "{EE504A48-5228-45D0-8755-93C2B5BC5CC0}"
EndProject
Global
	GlobalSection(SolutionConfigurationPlatforms) = preSolution
		Debug|Any CPU = Debug|Any CPU
		Debug|x64 = Debug|x64
		Debug|x86 = Debug|x86
		Release|Any CPU = Release|Any CPU
		Release|x64 = Release|x64
		Release|x86 = Release|x86
	EndGlobalSection
	GlobalSection(ProjectConfigurationPlatforms) = postSolution
		{0C723060-44E8-4204-8401-B244BFF4AACD}.Debug|Any CPU.ActiveCfg = Debug|Any CPU
		{0C723060-44E8-4204-8401-B244BFF4AACD}.Debug|Any CPU.Build.0 = Debug|Any CPU
		{0C723060-44E8-4204-8401-B244BFF4AACD}.Debug|x64.ActiveCfg = Debug|Any CPU
		{0C723060-44E8-4204-8401-B244BFF4AACD}.Debug|x64.Build.0 = Debug|Any CPU
		{0C723060-44E8-4204-8401-B244BFF4AACD}.Debug|x86.ActiveCfg = Debug|Any CPU
		{0C723060-44E8-4204-8401-B244BFF4AACD}.Debug|x86.Build.0 = Debug|Any CPU
		{0C723060-44E8-4204-8401-B244BFF4AACD}.Release|Any CPU.ActiveCfg = Release|Any CPU
		{0C723060-44E8-4204-8401-B244BFF4AACD}.Release|Any CPU.Build.0 = Release|Any CPU
		{0C723060-44E8-4204-8401-B244BFF4AACD}.Release|x64.ActiveCfg = Release|Any CPU
		{0C723060-44E8-4204-8401-B244BFF4AACD}.Release|x64.Build.0 = Release|Any CPU
		{0C723060-44E8-4204-8401-B244BFF4AACD}.Release|x86.ActiveCfg = Release|Any CPU
		{0C723060-44E8-4204-8401-B244BFF4AACD}.Release|x86.Build.0 = Release|Any CPU
		{9EC1EDC3-902B-45A9-9365-D3251FAE6C2B}.Debug|Any CPU.ActiveCfg = Debug|Any CPU
		{9EC1EDC3-902B-45A9-9365-D3251FAE6C2B}.Debug|Any CPU.Build.0 = Debug|Any CPU
		{9EC1EDC3-902B-45A9-9365-D3251FAE6C2B}.Debug|x64.ActiveCfg = Debug|Any CPU
		{9EC1EDC3-902B-45A9-9365-D3251FAE6C2B}.Debug|x64.Build.0 = Debug|Any CPU
		{9EC1EDC3-902B-45A9-9365-D3251FAE6C2B}.Debug|x86.ActiveCfg = Debug|Any CPU
		{9EC1EDC3-902B-45A9-9365-D3251FAE6C2B}.Debug|x86.Build.0 = Debug|Any CPU
		{9EC1EDC3-902B-45A9-9365-D3251FAE6C2B}.Release|Any CPU.ActiveCfg = Release|Any CPU
		{9EC1EDC3-902B-45A9-9365-D3251FAE6C2B}.Release|Any CPU.Build.0 = Release|Any CPU
		{9EC1EDC3-902B-45A9-9365-D3251FAE6C2B}.Release|x64.ActiveCfg = Release|Any CPU
		{9EC1EDC3-902B-45A9-9365-D3251FAE6C2B}.Release|x64.Build.0 = Release|Any CPU
		{9EC1EDC3-902B-45A9-9365-D3251FAE6C2B}.Release|x86.ActiveCfg = Release|Any CPU
		{9EC1EDC3-902B-45A9-9365-D3251FAE6C2B}.Release|x86.Build.0 = Release|Any CPU
		{EE504A48-5228-45D0-8755-93C2B5BC5CC0}.Debug|Any CPU.ActiveCfg = Debug|Any CPU
		{EE504A48-5228-45D0-8755-93C2B5BC5CC0}.Debug|Any CPU.Build.0 = Debug|Any CPU
		{EE504A48-5228-45D0-8755-93C2B5BC5CC0}.Debug|x64.ActiveCfg = Debug|Any CPU
		{EE504A48-5228-45D0-8755-93C2B5BC5CC0}.Debug|x64.Build.0 = Debug|Any CPU
		{EE504A48-5228-45D0-8755-93C2B5BC5CC0}.Debug|x86.ActiveCfg = Debug|Any CPU
		{EE504A48-5228-45D0-8755-93C2B5BC5CC0}.Debug|x86.Build.0 = Debug|Any CPU
		{EE504A48-5228-45D0-8755-93C2B5BC5CC0}.Release|Any CPU.ActiveCfg = Release|Any CPU
		{EE504A48-5228-45D0-8755-93C2B5BC5CC0}.Release|Any CPU.Build.0 = Release|Any CPU
		{EE504A48-5228-45D0-8755-93C2B5BC5CC0}.Release|x64.ActiveCfg = Release|Any CPU
		{EE504A48-5228-45D0-8755-93C2B5BC5CC0}.Release|x64.Build.0 = Release|Any CPU
		{EE504A48-5228-45D0-8755-93C2B5BC5CC0}.Release|x86.ActiveCfg = Release|Any CPU
		{EE504A48-5228-45D0-8755-93C2B5BC5CC0}.Release|x86.Build.0 = Release|Any CPU
	EndGlobalSection
	GlobalSection(SolutionProperties) = preSolution
		HideSolutionNode = FALSE
	EndGlobalSection
	GlobalSection(NestedProjects) = preSolution
		{047ACF46-AB0C-486B-85C7-B5A415A67CBB} = {5A10C03B-FF0F-45ED-95EF-E75DF0576104}
		{0C723060-44E8-4204-8401-B244BFF4AACD} = {047ACF46-AB0C-486B-85C7-B5A415A67CBB}
		{4B92B534-D57C-4EA4-B08A-96F178EB948D} = {5A10C03B-FF0F-45ED-95EF-E75DF0576104}
		{9EC1EDC3-902B-45A9-9365-D3251FAE6C2B} = {4B92B534-D57C-4EA4-B08A-96F178EB948D}
		{FA3BC3BB-6FA7-4B3D-A291-39BCE563A5F4} = {AAD72599-5100-4978-856C-62A8A6C50E4B}
		{EE504A48-5228-45D0-8755-93C2B5BC5CC0} = {FA3BC3BB-6FA7-4B3D-A291-39BCE563A5F4}
	EndGlobalSection
	GlobalSection(ExtensibilityGlobals) = postSolution
		SolutionGuid = {10E493CA-B39F-41ED-92F2-572696909658}
	EndGlobalSection
EndGlobal
