
Microsoft Visual Studio Solution File, Format Version 12.00
# Visual Studio Version 16
VisualStudioVersion = 16.0.31205.134
MinimumVisualStudioVersion = 15.0.26124.0
Project("{2150E333-8FDC-42A3-9474-1A3956D46DE8}") = "docs", "docs", "{3FAB6086-27FC-4C81-8483-378D9A7A8E85}"
	ProjectSection(SolutionItems) = preProject
		docs\RAFT.md = docs\RAFT.md
		README.md = README.md
	EndProjectSection
EndProject
Project("{2150E333-8FDC-42A3-9474-1A3956D46DE8}") = "src", "src", "{5A10C03B-FF0F-45ED-95EF-E75DF0576104}"
EndProject
Project("{2150E333-8FDC-42A3-9474-1A3956D46DE8}") = "test", "test", "{AAD72599-5100-4978-856C-62A8A6C50E4B}"
EndProject
Project("{2150E333-8FDC-42A3-9474-1A3956D46DE8}") = "core", "core", "{047ACF46-AB0C-486B-85C7-B5A415A67CBB}"
EndProject
Project("{9A19103F-16F7-4668-BE54-9A1E7A4F7556}") = "raft-core", "src\core\raft-core.csproj", "{0C723060-44E8-4204-8401-B244BFF4AACD}"
EndProject
Project("{2150E333-8FDC-42A3-9474-1A3956D46DE8}") = "files", "files", "{9977F8ED-D5D9-471A-BB30-50269FF81007}"
	ProjectSection(SolutionItems) = preProject
		.github\workflows\ci.yaml = .github\workflows\ci.yaml
	EndProjectSection
EndProject
Project("{2150E333-8FDC-42A3-9474-1A3956D46DE8}") = "raft", "raft", "{4B92B534-D57C-4EA4-B08A-96F178EB948D}"
EndProject
Project("{9A19103F-16F7-4668-BE54-9A1E7A4F7556}") = "raft", "src\raft\raft.csproj", "{9EC1EDC3-902B-45A9-9365-D3251FAE6C2B}"
EndProject
Project("{9A19103F-16F7-4668-BE54-9A1E7A4F7556}") = "raft-tests", "test\raft-tests.csproj", "{27838E6A-B752-4E55-9B22-AD4AF3FC8002}"
EndProject
Project("{2150E333-8FDC-42A3-9474-1A3956D46DE8}") = "example", "example", "{314BEEDC-F49F-4854-A231-25EC281C812F}"
EndProject
Project("{9A19103F-16F7-4668-BE54-9A1E7A4F7556}") = "raft-application", "example\raft-application.csproj", "{32B0A8B2-117A-4EC5-AB3A-F1C63A181FD4}"
EndProject
Project("{2150E333-8FDC-42A3-9474-1A3956D46DE8}") = "tools", "tools", "{DBE1CFF3-3601-44DD-AD39-E0A60FF8E38D}"
EndProject
Project("{2150E333-8FDC-42A3-9474-1A3956D46DE8}") = "send-messages", "send-messages", "{5EA48C74-C351-454F-A52E-428C10E507DE}"
EndProject
Project("{9A19103F-16F7-4668-BE54-9A1E7A4F7556}") = "sendmsg", "tools\send-messages\sendmsg\sendmsg.csproj", "{A38EABD6-1C01-4E29-BC99-5D48D189E1CA}"
EndProject
Project("{2150E333-8FDC-42A3-9474-1A3956D46DE8}") = "mock-leader", "mock-leader", "{61D9FD95-6943-43DB-9188-91A614B50224}"
EndProject
Project("{9A19103F-16F7-4668-BE54-9A1E7A4F7556}") = "mockleader", "tools\mock-leader\mockleader\mockleader.csproj", "{6DCFF7D6-5176-45C1-8392-E2F143221D3E}"
EndProject
Global
	GlobalSection(SolutionConfigurationPlatforms) = preSolution
		Debug|Any CPU = Debug|Any CPU
		Debug|x64 = Debug|x64
		Debug|x86 = Debug|x86
		Release|Any CPU = Release|Any CPU
		Release|x64 = Release|x64
		Release|x86 = Release|x86
	EndGlobalSection
	GlobalSection(ProjectConfigurationPlatforms) = postSolution
		{0C723060-44E8-4204-8401-B244BFF4AACD}.Debug|Any CPU.ActiveCfg = Debug|Any CPU
		{0C723060-44E8-4204-8401-B244BFF4AACD}.Debug|Any CPU.Build.0 = Debug|Any CPU
		{0C723060-44E8-4204-8401-B244BFF4AACD}.Debug|x64.ActiveCfg = Debug|Any CPU
		{0C723060-44E8-4204-8401-B244BFF4AACD}.Debug|x64.Build.0 = Debug|Any CPU
		{0C723060-44E8-4204-8401-B244BFF4AACD}.Debug|x86.ActiveCfg = Debug|Any CPU
		{0C723060-44E8-4204-8401-B244BFF4AACD}.Debug|x86.Build.0 = Debug|Any CPU
		{0C723060-44E8-4204-8401-B244BFF4AACD}.Release|Any CPU.ActiveCfg = Release|Any CPU
		{0C723060-44E8-4204-8401-B244BFF4AACD}.Release|Any CPU.Build.0 = Release|Any CPU
		{0C723060-44E8-4204-8401-B244BFF4AACD}.Release|x64.ActiveCfg = Release|Any CPU
		{0C723060-44E8-4204-8401-B244BFF4AACD}.Release|x64.Build.0 = Release|Any CPU
		{0C723060-44E8-4204-8401-B244BFF4AACD}.Release|x86.ActiveCfg = Release|Any CPU
		{0C723060-44E8-4204-8401-B244BFF4AACD}.Release|x86.Build.0 = Release|Any CPU
		{9EC1EDC3-902B-45A9-9365-D3251FAE6C2B}.Debug|Any CPU.ActiveCfg = Debug|Any CPU
		{9EC1EDC3-902B-45A9-9365-D3251FAE6C2B}.Debug|Any CPU.Build.0 = Debug|Any CPU
		{9EC1EDC3-902B-45A9-9365-D3251FAE6C2B}.Debug|x64.ActiveCfg = Debug|Any CPU
		{9EC1EDC3-902B-45A9-9365-D3251FAE6C2B}.Debug|x64.Build.0 = Debug|Any CPU
		{9EC1EDC3-902B-45A9-9365-D3251FAE6C2B}.Debug|x86.ActiveCfg = Debug|Any CPU
		{9EC1EDC3-902B-45A9-9365-D3251FAE6C2B}.Debug|x86.Build.0 = Debug|Any CPU
		{9EC1EDC3-902B-45A9-9365-D3251FAE6C2B}.Release|Any CPU.ActiveCfg = Release|Any CPU
		{9EC1EDC3-902B-45A9-9365-D3251FAE6C2B}.Release|Any CPU.Build.0 = Release|Any CPU
		{9EC1EDC3-902B-45A9-9365-D3251FAE6C2B}.Release|x64.ActiveCfg = Release|Any CPU
		{9EC1EDC3-902B-45A9-9365-D3251FAE6C2B}.Release|x64.Build.0 = Release|Any CPU
		{9EC1EDC3-902B-45A9-9365-D3251FAE6C2B}.Release|x86.ActiveCfg = Release|Any CPU
		{9EC1EDC3-902B-45A9-9365-D3251FAE6C2B}.Release|x86.Build.0 = Release|Any CPU
		{27838E6A-B752-4E55-9B22-AD4AF3FC8002}.Debug|Any CPU.ActiveCfg = Debug|Any CPU
		{27838E6A-B752-4E55-9B22-AD4AF3FC8002}.Debug|Any CPU.Build.0 = Debug|Any CPU
		{27838E6A-B752-4E55-9B22-AD4AF3FC8002}.Debug|x64.ActiveCfg = Debug|Any CPU
		{27838E6A-B752-4E55-9B22-AD4AF3FC8002}.Debug|x64.Build.0 = Debug|Any CPU
		{27838E6A-B752-4E55-9B22-AD4AF3FC8002}.Debug|x86.ActiveCfg = Debug|Any CPU
		{27838E6A-B752-4E55-9B22-AD4AF3FC8002}.Debug|x86.Build.0 = Debug|Any CPU
		{27838E6A-B752-4E55-9B22-AD4AF3FC8002}.Release|Any CPU.ActiveCfg = Release|Any CPU
		{27838E6A-B752-4E55-9B22-AD4AF3FC8002}.Release|Any CPU.Build.0 = Release|Any CPU
		{27838E6A-B752-4E55-9B22-AD4AF3FC8002}.Release|x64.ActiveCfg = Release|Any CPU
		{27838E6A-B752-4E55-9B22-AD4AF3FC8002}.Release|x64.Build.0 = Release|Any CPU
		{27838E6A-B752-4E55-9B22-AD4AF3FC8002}.Release|x86.ActiveCfg = Release|Any CPU
		{27838E6A-B752-4E55-9B22-AD4AF3FC8002}.Release|x86.Build.0 = Release|Any CPU
		{32B0A8B2-117A-4EC5-AB3A-F1C63A181FD4}.Debug|Any CPU.ActiveCfg = Debug|Any CPU
		{32B0A8B2-117A-4EC5-AB3A-F1C63A181FD4}.Debug|Any CPU.Build.0 = Debug|Any CPU
		{32B0A8B2-117A-4EC5-AB3A-F1C63A181FD4}.Debug|x64.ActiveCfg = Debug|Any CPU
		{32B0A8B2-117A-4EC5-AB3A-F1C63A181FD4}.Debug|x64.Build.0 = Debug|Any CPU
		{32B0A8B2-117A-4EC5-AB3A-F1C63A181FD4}.Debug|x86.ActiveCfg = Debug|Any CPU
		{32B0A8B2-117A-4EC5-AB3A-F1C63A181FD4}.Debug|x86.Build.0 = Debug|Any CPU
		{32B0A8B2-117A-4EC5-AB3A-F1C63A181FD4}.Release|Any CPU.ActiveCfg = Release|Any CPU
		{32B0A8B2-117A-4EC5-AB3A-F1C63A181FD4}.Release|Any CPU.Build.0 = Release|Any CPU
		{32B0A8B2-117A-4EC5-AB3A-F1C63A181FD4}.Release|x64.ActiveCfg = Release|Any CPU
		{32B0A8B2-117A-4EC5-AB3A-F1C63A181FD4}.Release|x64.Build.0 = Release|Any CPU
		{32B0A8B2-117A-4EC5-AB3A-F1C63A181FD4}.Release|x86.ActiveCfg = Release|Any CPU
		{32B0A8B2-117A-4EC5-AB3A-F1C63A181FD4}.Release|x86.Build.0 = Release|Any CPU
		{A38EABD6-1C01-4E29-BC99-5D48D189E1CA}.Debug|Any CPU.ActiveCfg = Debug|Any CPU
		{A38EABD6-1C01-4E29-BC99-5D48D189E1CA}.Debug|Any CPU.Build.0 = Debug|Any CPU
		{A38EABD6-1C01-4E29-BC99-5D48D189E1CA}.Debug|x64.ActiveCfg = Debug|Any CPU
		{A38EABD6-1C01-4E29-BC99-5D48D189E1CA}.Debug|x64.Build.0 = Debug|Any CPU
		{A38EABD6-1C01-4E29-BC99-5D48D189E1CA}.Debug|x86.ActiveCfg = Debug|Any CPU
		{A38EABD6-1C01-4E29-BC99-5D48D189E1CA}.Debug|x86.Build.0 = Debug|Any CPU
		{A38EABD6-1C01-4E29-BC99-5D48D189E1CA}.Release|Any CPU.ActiveCfg = Release|Any CPU
		{A38EABD6-1C01-4E29-BC99-5D48D189E1CA}.Release|Any CPU.Build.0 = Release|Any CPU
		{A38EABD6-1C01-4E29-BC99-5D48D189E1CA}.Release|x64.ActiveCfg = Release|Any CPU
		{A38EABD6-1C01-4E29-BC99-5D48D189E1CA}.Release|x64.Build.0 = Release|Any CPU
		{A38EABD6-1C01-4E29-BC99-5D48D189E1CA}.Release|x86.ActiveCfg = Release|Any CPU
		{A38EABD6-1C01-4E29-BC99-5D48D189E1CA}.Release|x86.Build.0 = Release|Any CPU
		{6DCFF7D6-5176-45C1-8392-E2F143221D3E}.Debug|Any CPU.ActiveCfg = Debug|Any CPU
		{6DCFF7D6-5176-45C1-8392-E2F143221D3E}.Debug|Any CPU.Build.0 = Debug|Any CPU
		{6DCFF7D6-5176-45C1-8392-E2F143221D3E}.Debug|x64.ActiveCfg = Debug|Any CPU
		{6DCFF7D6-5176-45C1-8392-E2F143221D3E}.Debug|x64.Build.0 = Debug|Any CPU
		{6DCFF7D6-5176-45C1-8392-E2F143221D3E}.Debug|x86.ActiveCfg = Debug|Any CPU
		{6DCFF7D6-5176-45C1-8392-E2F143221D3E}.Debug|x86.Build.0 = Debug|Any CPU
		{6DCFF7D6-5176-45C1-8392-E2F143221D3E}.Release|Any CPU.ActiveCfg = Release|Any CPU
		{6DCFF7D6-5176-45C1-8392-E2F143221D3E}.Release|Any CPU.Build.0 = Release|Any CPU
		{6DCFF7D6-5176-45C1-8392-E2F143221D3E}.Release|x64.ActiveCfg = Release|Any CPU
		{6DCFF7D6-5176-45C1-8392-E2F143221D3E}.Release|x64.Build.0 = Release|Any CPU
		{6DCFF7D6-5176-45C1-8392-E2F143221D3E}.Release|x86.ActiveCfg = Release|Any CPU
		{6DCFF7D6-5176-45C1-8392-E2F143221D3E}.Release|x86.Build.0 = Release|Any CPU
	EndGlobalSection
	GlobalSection(SolutionProperties) = preSolution
		HideSolutionNode = FALSE
	EndGlobalSection
	GlobalSection(NestedProjects) = preSolution
		{047ACF46-AB0C-486B-85C7-B5A415A67CBB} = {5A10C03B-FF0F-45ED-95EF-E75DF0576104}
		{0C723060-44E8-4204-8401-B244BFF4AACD} = {047ACF46-AB0C-486B-85C7-B5A415A67CBB}
		{4B92B534-D57C-4EA4-B08A-96F178EB948D} = {5A10C03B-FF0F-45ED-95EF-E75DF0576104}
		{9EC1EDC3-902B-45A9-9365-D3251FAE6C2B} = {4B92B534-D57C-4EA4-B08A-96F178EB948D}
		{27838E6A-B752-4E55-9B22-AD4AF3FC8002} = {AAD72599-5100-4978-856C-62A8A6C50E4B}
		{32B0A8B2-117A-4EC5-AB3A-F1C63A181FD4} = {314BEEDC-F49F-4854-A231-25EC281C812F}
		{5EA48C74-C351-454F-A52E-428C10E507DE} = {DBE1CFF3-3601-44DD-AD39-E0A60FF8E38D}
		{A38EABD6-1C01-4E29-BC99-5D48D189E1CA} = {5EA48C74-C351-454F-A52E-428C10E507DE}
		{61D9FD95-6943-43DB-9188-91A614B50224} = {DBE1CFF3-3601-44DD-AD39-E0A60FF8E38D}
		{6DCFF7D6-5176-45C1-8392-E2F143221D3E} = {61D9FD95-6943-43DB-9188-91A614B50224}
	EndGlobalSection
	GlobalSection(ExtensibilityGlobals) = postSolution
		SolutionGuid = {10E493CA-B39F-41ED-92F2-572696909658}
	EndGlobalSection
EndGlobal
